{
  "lockfileVersion": 1,
  "workspaces": {
    "": {
      "name": "graphify",
      "dependencies": {
        "@nestjs/passport": "^11.0.5",
        "@octokit/auth": "^3.0.3",
        "passport": "^0.7.0",
        "passport-github2": "^0.1.12",
      },
      "devDependencies": {
        "@types/bun": "latest",
      },
      "peerDependencies": {
        "typescript": "^5",
      },
    },
  },
  "packages": {
    "@lukeed/csprng": ["@lukeed/csprng@1.1.0", "", {}, "sha512-Z7C/xXCiGWsg0KuKsHTKJxbWhpI3Vs5GwLfOean7MGyVFGqdRgBbAjOCh6u4bbjPc/8MJ2pZmK/0DLdCbivLDA=="],

    "@nestjs/common": ["@nestjs/common@11.1.0", "", { "dependencies": { "file-type": "20.4.1", "iterare": "1.2.1", "load-esm": "1.0.2", "tslib": "2.8.1", "uid": "2.0.2" }, "peerDependencies": { "class-transformer": "*", "class-validator": "*", "reflect-metadata": "^0.1.12 || ^0.2.0", "rxjs": "^7.1.0" }, "optionalPeers": ["class-transformer", "class-validator"] }, "sha512-8MrajltjtIN6eW9cTpv+1IZogqz2Zsrc8YDt0LwQPUq8cSq0j50DETdQpPsNMeib+p9avkV41+NrzGk1z2o5Wg=="],

    "@nestjs/passport": ["@nestjs/passport@11.0.5", "", { "peerDependencies": { "@nestjs/common": "^10.0.0 || ^11.0.0", "passport": "^0.5.0 || ^0.6.0 || ^0.7.0" } }, "sha512-ulQX6mbjlws92PIM15Naes4F4p2JoxGnIJuUsdXQPT+Oo2sqQmENEZXM7eYuimocfHnKlcfZOuyzbA33LwUlOQ=="],

    "@octokit/auth": ["@octokit/auth@3.0.3", "", { "dependencies": { "@octokit/auth-action": "^1.3.1", "@octokit/auth-app": "^3.0.0", "@octokit/auth-oauth-app": "^3.0.7", "@octokit/auth-token": "^2.4.4" } }, "sha512-Ei3gBBzUZDCKForSq7NisHsodoFnorS8QzP+E2mbN9DhelR7pVuN9WmbzFNUmSevEU4bJgm2WmGytUHlddJV8g=="],

    "@octokit/auth-action": ["@octokit/auth-action@1.3.4", "", { "dependencies": { "@octokit/auth-token": "^3.0.0", "@octokit/types": "^6.0.3" } }, "sha512-wv9yNsc6lVgEHZeGKmktUB0WOFqA4PkVOlF4GL0bS+p4Rvv7ooOl/uh2Mm/eLk7FpI0AoFaQarbgPYvnHQOvfA=="],

    "@octokit/auth-app": ["@octokit/auth-app@3.6.1", "", { "dependencies": { "@octokit/auth-oauth-app": "^4.3.0", "@octokit/auth-oauth-user": "^1.2.3", "@octokit/request": "^5.6.0", "@octokit/request-error": "^2.1.0", "@octokit/types": "^6.0.3", "@types/lru-cache": "^5.1.0", "deprecation": "^2.3.1", "lru-cache": "^6.0.0", "universal-github-app-jwt": "^1.0.1", "universal-user-agent": "^6.0.0" } }, "sha512-6oa6CFphIYI7NxxHrdVOzhG7hkcKyGyYocg7lNDSJVauVOLtylg8hNJzoUyPAYKKK0yUeoZamE/lMs2tG+S+JA=="],

    "@octokit/auth-oauth-app": ["@octokit/auth-oauth-app@3.1.1", "", { "dependencies": { "@octokit/request": "^5.3.0", "@octokit/request-error": "^2.0.0", "@octokit/types": "^6.0.3", "@types/btoa-lite": "^1.0.0", "btoa-lite": "^1.0.0", "universal-user-agent": "^6.0.0" } }, "sha512-ClH/fR5R/GvFQTIbO175DGPVqH7FFKrwmPl8r+ZZtqHzv8D9DaR+qpt10KvnxiOOMElOncKY+Z/MayZ4R8rz/Q=="],

    "@octokit/auth-oauth-device": ["@octokit/auth-oauth-device@3.1.4", "", { "dependencies": { "@octokit/oauth-methods": "^2.0.0", "@octokit/request": "^6.0.0", "@octokit/types": "^6.10.0", "universal-user-agent": "^6.0.0" } }, "sha512-6sHE/++r+aEFZ/BKXOGPJcH/nbgbBjS1A4CHfq/PbPEwb0kZEt43ykW98GBO/rYBPAYaNpCPvXfGwzgR9yMCXg=="],

    "@octokit/auth-oauth-user": ["@octokit/auth-oauth-user@1.3.0", "", { "dependencies": { "@octokit/auth-oauth-device": "^3.1.1", "@octokit/oauth-methods": "^1.1.0", "@octokit/request": "^5.4.14", "@octokit/types": "^6.12.2", "btoa-lite": "^1.0.0", "universal-user-agent": "^6.0.0" } }, "sha512-3QC/TAdk7onnxfyZ24BnJRfZv8TRzQK7SEFUS9vLng4Vv6Hv6I64ujdk/CUkREec8lhrwU764SZ/d+yrjjqhaQ=="],

    "@octokit/auth-token": ["@octokit/auth-token@2.5.0", "", { "dependencies": { "@octokit/types": "^6.0.3" } }, "sha512-r5FVUJCOLl19AxiuZD2VRZ/ORjp/4IN98Of6YJoJOkY75CIBuYfmiNHGrDwXr+aLGG55igl9QrxX3hbiXlLb+g=="],

    "@octokit/endpoint": ["@octokit/endpoint@6.0.12", "", { "dependencies": { "@octokit/types": "^6.0.3", "is-plain-object": "^5.0.0", "universal-user-agent": "^6.0.0" } }, "sha512-lF3puPwkQWGfkMClXb4k/eUT/nZKQfxinRWJrdZaJO85Dqwo/G0yOC434Jr2ojwafWJMYqFGFa5ms4jJUgujdA=="],

    "@octokit/oauth-authorization-url": ["@octokit/oauth-authorization-url@4.3.3", "", {}, "sha512-lhP/t0i8EwTmayHG4dqLXgU+uPVys4WD/qUNvC+HfB1S1dyqULm5Yx9uKc1x79aP66U1Cb4OZeW8QU/RA9A4XA=="],

    "@octokit/oauth-methods": ["@octokit/oauth-methods@1.2.6", "", { "dependencies": { "@octokit/oauth-authorization-url": "^4.3.1", "@octokit/request": "^5.4.14", "@octokit/request-error": "^2.0.5", "@octokit/types": "^6.12.2", "btoa-lite": "^1.0.0" } }, "sha512-nImHQoOtKnSNn05uk2o76om1tJWiAo4lOu2xMAHYsNr0fwopP+Dv+2MlGvaMMlFjoqVd3fF3X5ZDTKCsqgmUaQ=="],

    "@octokit/openapi-types": ["@octokit/openapi-types@12.11.0", "", {}, "sha512-VsXyi8peyRq9PqIz/tpqiL2w3w80OgVMwBHltTml3LmVvXiphgeqmY9mvBw9Wu7e0QWk/fqD37ux8yP5uVekyQ=="],

    "@octokit/request": ["@octokit/request@5.6.3", "", { "dependencies": { "@octokit/endpoint": "^6.0.1", "@octokit/request-error": "^2.1.0", "@octokit/types": "^6.16.1", "is-plain-object": "^5.0.0", "node-fetch": "^2.6.7", "universal-user-agent": "^6.0.0" } }, "sha512-bFJl0I1KVc9jYTe9tdGGpAMPy32dLBXXo1dS/YwSCTL/2nd9XeHsY616RE3HPXDVk+a+dBuzyz5YdlXwcDTr2A=="],

    "@octokit/request-error": ["@octokit/request-error@2.1.0", "", { "dependencies": { "@octokit/types": "^6.0.3", "deprecation": "^2.0.0", "once": "^1.4.0" } }, "sha512-1VIvgXxs9WHSjicsRwq8PlR2LR2x6DwsJAaFgzdi0JfJoGSO8mYI/cHJQ+9FbN21aa+DrgNLnwObmyeSC8Rmpg=="],

    "@octokit/types": ["@octokit/types@6.41.0", "", { "dependencies": { "@octokit/openapi-types": "^12.11.0" } }, "sha512-eJ2jbzjdijiL3B4PrSQaSjuF2sPEQPVCPzBvTHJD9Nz+9dw2SGH4K4xeQJ77YfTq5bRQ+bD8wT11JbeDPmxmGg=="],

    "@tokenizer/inflate": ["@tokenizer/inflate@0.2.7", "", { "dependencies": { "debug": "^4.4.0", "fflate": "^0.8.2", "token-types": "^6.0.0" } }, "sha512-MADQgmZT1eKjp06jpI2yozxaU9uVs4GzzgSL+uEq7bVcJ9V1ZXQkeGNql1fsSI0gMy1vhvNTNbUqrx+pZfJVmg=="],

    "@tokenizer/token": ["@tokenizer/token@0.3.0", "", {}, "sha512-OvjF+z51L3ov0OyAU0duzsYuvO01PH7x4t6DJx+guahgTnBHkhJdG7soQeTSFLWN3efnHyibZ4Z8l2EuWwJN3A=="],

    "@types/btoa-lite": ["@types/btoa-lite@1.0.2", "", {}, "sha512-ZYbcE2x7yrvNFJiU7xJGrpF/ihpkM7zKgw8bha3LNJSesvTtUNxbpzaT7WXBIryf6jovisrxTBvymxMeLLj1Mg=="],

    "@types/bun": ["@types/bun@1.2.10", "", { "dependencies": { "bun-types": "1.2.10" } }, "sha512-eilv6WFM3M0c9ztJt7/g80BDusK98z/FrFwseZgT4bXCq2vPhXD4z8R3oddmAn+R/Nmz9vBn4kweJKmGTZj+lg=="],

    "@types/jsonwebtoken": ["@types/jsonwebtoken@9.0.9", "", { "dependencies": { "@types/ms": "*", "@types/node": "*" } }, "sha512-uoe+GxEuHbvy12OUQct2X9JenKM3qAscquYymuQN4fMWG9DBQtykrQEFcAbVACF7qaLw9BePSodUL0kquqBJpQ=="],

    "@types/lru-cache": ["@types/lru-cache@5.1.1", "", {}, "sha512-ssE3Vlrys7sdIzs5LOxCzTVMsU7i9oa/IaW92wF32JFb3CVczqOkru2xspuKczHEbG3nvmPY7IFqVmGGHdNbYw=="],

    "@types/ms": ["@types/ms@2.1.0", "", {}, "sha512-GsCCIZDE/p3i96vtEqx+7dBUGXrc7zeSK3wwPHIaRThS+9OhWIXRqzs4d6k1SVU8g91DrNRWxWUGhp5KXQb2VA=="],

    "@types/node": ["@types/node@22.14.1", "", { "dependencies": { "undici-types": "~6.21.0" } }, "sha512-u0HuPQwe/dHrItgHHpmw3N2fYCR6x4ivMNbPHRkBVP4CvN+kiRrKHWk3i8tXiO/joPwXLMYvF9TTF0eqgHIuOw=="],

    "base64url": ["base64url@3.0.1", "", {}, "sha512-ir1UPr3dkwexU7FdV8qBBbNDRUhMmIekYMFZfi+C/sLNnRESKPl23nB9b2pltqfOQNnGzsDdId90AEtG5tCx4A=="],

    "btoa-lite": ["btoa-lite@1.0.0", "", {}, "sha512-gvW7InbIyF8AicrqWoptdW08pUxuhq8BEgowNajy9RhiE86fmGAGl+bLKo6oB8QP0CkqHLowfN0oJdKC/J6LbA=="],

    "buffer-equal-constant-time": ["buffer-equal-constant-time@1.0.1", "", {}, "sha512-zRpUiDwd/xk6ADqPMATG8vc9VPrkck7T07OIx0gnjmJAnHnTVXNQG3vfvWNuiZIkwu9KrKdA1iJKfsfTVxE6NA=="],

    "bun-types": ["bun-types@1.2.10", "", { "dependencies": { "@types/node": "*" } }, "sha512-b5ITZMnVdf3m1gMvJHG+gIfeJHiQPJak0f7925Hxu6ZN5VKA8AGy4GZ4lM+Xkn6jtWxg5S3ldWvfmXdvnkp3GQ=="],

    "debug": ["debug@4.4.0", "", { "dependencies": { "ms": "^2.1.3" } }, "sha512-6WTZ/IxCY/T6BALoZHaE4ctp9xm+Z5kY/pzYaCHRFeyVhojxlrm+46y68HA6hr0TcwEssoxNiDEUJQjfPZ/RYA=="],

    "deprecation": ["deprecation@2.3.1", "", {}, "sha512-xmHIy4F3scKVwMsQ4WnVaS8bHOx0DmVwRywosKhaILI0ywMDWPtBSku2HNxRvF7jtwDRsoEwYQSfbxj8b7RlJQ=="],

    "ecdsa-sig-formatter": ["ecdsa-sig-formatter@1.0.11", "", { "dependencies": { "safe-buffer": "^5.0.1" } }, "sha512-nagl3RYrbNv6kQkeJIpt6NJZy8twLB/2vtz6yN9Z4vRKHN4/QZJIEbqohALSgwKdnksuY3k5Addp5lg8sVoVcQ=="],

    "fflate": ["fflate@0.8.2", "", {}, "sha512-cPJU47OaAoCbg0pBvzsgpTPhmhqI5eJjh/JIu8tPj5q+T7iLvW/JAYUqmE7KOB4R1ZyEhzBaIQpQpardBF5z8A=="],

    "file-type": ["file-type@20.4.1", "", { "dependencies": { "@tokenizer/inflate": "^0.2.6", "strtok3": "^10.2.0", "token-types": "^6.0.0", "uint8array-extras": "^1.4.0" } }, "sha512-hw9gNZXUfZ02Jo0uafWLaFVPter5/k2rfcrjFJJHX/77xtSDOfJuEFb6oKlFV86FLP1SuyHMW1PSk0U9M5tKkQ=="],

    "ieee754": ["ieee754@1.2.1", "", {}, "sha512-dcyqhDvX1C46lXZcVqCpK+FtMRQVdIMN6/Df5js2zouUsqG7I6sFxitIC+7KYK29KdXOLHdu9zL4sFnoVQnqaA=="],

    "is-plain-object": ["is-plain-object@5.0.0", "", {}, "sha512-VRSzKkbMm5jMDoKLbltAkFQ5Qr7VDiTFGXxYFXXowVj387GeGNOCsOH6Msy00SGZ3Fp84b1Naa1psqgcCIEP5Q=="],

    "iterare": ["iterare@1.2.1", "", {}, "sha512-RKYVTCjAnRthyJes037NX/IiqeidgN1xc3j1RjFfECFp28A1GVwK9nA+i0rJPaHqSZwygLzRnFlzUuHFoWWy+Q=="],

    "jsonwebtoken": ["jsonwebtoken@9.0.2", "", { "dependencies": { "jws": "^3.2.2", "lodash.includes": "^4.3.0", "lodash.isboolean": "^3.0.3", "lodash.isinteger": "^4.0.4", "lodash.isnumber": "^3.0.3", "lodash.isplainobject": "^4.0.6", "lodash.isstring": "^4.0.1", "lodash.once": "^4.0.0", "ms": "^2.1.1", "semver": "^7.5.4" } }, "sha512-PRp66vJ865SSqOlgqS8hujT5U4AOgMfhrwYIuIhfKaoSCZcirrmASQr8CX7cUg+RMih+hgznrjp99o+W4pJLHQ=="],

    "jwa": ["jwa@1.4.1", "", { "dependencies": { "buffer-equal-constant-time": "1.0.1", "ecdsa-sig-formatter": "1.0.11", "safe-buffer": "^5.0.1" } }, "sha512-qiLX/xhEEFKUAJ6FiBMbes3w9ATzyk5W7Hvzpa/SLYdxNtng+gcurvrI7TbACjIXlsJyr05/S1oUhZrc63evQA=="],

    "jws": ["jws@3.2.2", "", { "dependencies": { "jwa": "^1.4.1", "safe-buffer": "^5.0.1" } }, "sha512-YHlZCB6lMTllWDtSPHz/ZXTsi8S00usEV6v1tjq8tOUZzw7DpSDWVXjXDre6ed1w/pd495ODpHZYSdkRTsa0HA=="],

    "load-esm": ["load-esm@1.0.2", "", {}, "sha512-nVAvWk/jeyrWyXEAs84mpQCYccxRqgKY4OznLuJhJCa0XsPSfdOIr2zvBZEj3IHEHbX97jjscKRRV539bW0Gpw=="],

    "lodash.includes": ["lodash.includes@4.3.0", "", {}, "sha512-W3Bx6mdkRTGtlJISOvVD/lbqjTlPPUDTMnlXZFnVwi9NKJ6tiAk6LVdlhZMm17VZisqhKcgzpO5Wz91PCt5b0w=="],

    "lodash.isboolean": ["lodash.isboolean@3.0.3", "", {}, "sha512-Bz5mupy2SVbPHURB98VAcw+aHh4vRV5IPNhILUCsOzRmsTmSQ17jIuqopAentWoehktxGd9e/hbIXq980/1QJg=="],

    "lodash.isinteger": ["lodash.isinteger@4.0.4", "", {}, "sha512-DBwtEWN2caHQ9/imiNeEA5ys1JoRtRfY3d7V9wkqtbycnAmTvRRmbHKDV4a0EYc678/dia0jrte4tjYwVBaZUA=="],

    "lodash.isnumber": ["lodash.isnumber@3.0.3", "", {}, "sha512-QYqzpfwO3/CWf3XP+Z+tkQsfaLL/EnUlXWVkIk5FUPc4sBdTehEqZONuyRt2P67PXAk+NXmTBcc97zw9t1FQrw=="],

    "lodash.isplainobject": ["lodash.isplainobject@4.0.6", "", {}, "sha512-oSXzaWypCMHkPC3NvBEaPHf0KsA5mvPrOPgQWDsbg8n7orZ290M0BmC/jgRZ4vcJ6DTAhjrsSYgdsW/F+MFOBA=="],

    "lodash.isstring": ["lodash.isstring@4.0.1", "", {}, "sha512-0wJxfxH1wgO3GrbuP+dTTk7op+6L41QCXbGINEmD+ny/G/eCqGzxyCsh7159S+mgDDcoarnBw6PC1PS5+wUGgw=="],

    "lodash.once": ["lodash.once@4.1.1", "", {}, "sha512-Sb487aTOCr9drQVL8pIxOzVhafOjZN9UU54hiN8PU3uAiSV7lx1yYNpbNmex2PK6dSJoNTSJUUswT651yww3Mg=="],

    "lru-cache": ["lru-cache@6.0.0", "", { "dependencies": { "yallist": "^4.0.0" } }, "sha512-Jo6dJ04CmSjuznwJSS3pUeWmd/H0ffTlkXXgwZi+eq1UCmqQwCh+eLsYOYCwY991i2Fah4h1BEMCx4qThGbsiA=="],

    "ms": ["ms@2.1.3", "", {}, "sha512-6FlzubTLZG3J2a/NVCAleEhjzq5oxgHyaCU9yYXvcLsvoVaHJq/s5xXI6/XXP6tz7R9xAOtHnSO/tXtF3WRTlA=="],

    "node-fetch": ["node-fetch@2.7.0", "", { "dependencies": { "whatwg-url": "^5.0.0" }, "peerDependencies": { "encoding": "^0.1.0" }, "optionalPeers": ["encoding"] }, "sha512-c4FRfUm/dbcWZ7U+1Wq0AwCyFL+3nt2bEw05wfxSz+DWpWsitgmSgYmy2dQdWyKC1694ELPqMs/YzUSNozLt8A=="],

    "oauth": ["oauth@0.10.2", "", {}, "sha512-JtFnB+8nxDEXgNyniwz573xxbKSOu3R8D40xQKqcjwJ2CDkYqUDI53o6IuzDJBx60Z8VKCm271+t8iFjakrl8Q=="],

    "once": ["once@1.4.0", "", { "dependencies": { "wrappy": "1" } }, "sha512-lNaJgI+2Q5URQBkccEKHTQOPaXdUxnZZElQTZY0MFUAuaEqe1E+Nyvgdz/aIyNi6Z9MzO5dv1H8n58/GELp3+w=="],

    "passport": ["passport@0.7.0", "", { "dependencies": { "passport-strategy": "1.x.x", "pause": "0.0.1", "utils-merge": "^1.0.1" } }, "sha512-cPLl+qZpSc+ireUvt+IzqbED1cHHkDoVYMo30jbJIdOOjQ1MQYZBPiNvmi8UM6lJuOpTPXJGZQk0DtC4y61MYQ=="],

    "passport-github2": ["passport-github2@0.1.12", "", { "dependencies": { "passport-oauth2": "1.x.x" } }, "sha512-3nPUCc7ttF/3HSP/k9sAXjz3SkGv5Nki84I05kSQPo01Jqq1NzJACgMblCK0fGcv9pKCG/KXU3AJRDGLqHLoIw=="],

    "passport-oauth2": ["passport-oauth2@1.8.0", "", { "dependencies": { "base64url": "3.x.x", "oauth": "0.10.x", "passport-strategy": "1.x.x", "uid2": "0.0.x", "utils-merge": "1.x.x" } }, "sha512-cjsQbOrXIDE4P8nNb3FQRCCmJJ/utnFKEz2NX209f7KOHPoX18gF7gBzBbLLsj2/je4KrgiwLLGjf0lm9rtTBA=="],

    "passport-strategy": ["passport-strategy@1.0.0", "", {}, "sha512-CB97UUvDKJde2V0KDWWB3lyf6PC3FaZP7YxZ2G8OAtn9p4HI9j9JLP9qjOGZFvyl8uwNT8qM+hGnz/n16NI7oA=="],

    "pause": ["pause@0.0.1", "", {}, "sha512-KG8UEiEVkR3wGEb4m5yZkVCzigAD+cVEJck2CzYZO37ZGJfctvVptVO192MwrtPhzONn6go8ylnOdMhKqi4nfg=="],

    "peek-readable": ["peek-readable@7.0.0", "", {}, "sha512-nri2TO5JE3/mRryik9LlHFT53cgHfRK0Lt0BAZQXku/AW3E6XLt2GaY8siWi7dvW/m1z0ecn+J+bpDa9ZN3IsQ=="],

    "reflect-metadata": ["reflect-metadata@0.2.2", "", {}, "sha512-urBwgfrvVP/eAyXx4hluJivBKzuEbSQs9rKWCrCkbSxNv8mxPcUZKeuoF3Uy4mJl3Lwprp6yy5/39VWigZ4K6Q=="],

    "rxjs": ["rxjs@7.8.2", "", { "dependencies": { "tslib": "^2.1.0" } }, "sha512-dhKf903U/PQZY6boNNtAGdWbG85WAbjT/1xYoZIC7FAY0yWapOBQVsVrDl58W86//e1VpMNBtRV4MaXfdMySFA=="],

    "safe-buffer": ["safe-buffer@5.2.1", "", {}, "sha512-rp3So07KcdmmKbGvgaNxQSJr7bGVSVk5S9Eq1F+ppbRo70+YeaDxkw5Dd8NPN+GD6bjnYm2VuPuCXmpuYvmCXQ=="],

    "semver": ["semver@7.7.1", "", { "bin": { "semver": "bin/semver.js" } }, "sha512-hlq8tAfn0m/61p4BVRcPzIGr6LKiMwo4VM6dGi6pt4qcRkmNzTcWq6eCEjEh+qXjkMDvPlOFFSGwQjoEa6gyMA=="],

    "strtok3": ["strtok3@10.2.2", "", { "dependencies": { "@tokenizer/token": "^0.3.0", "peek-readable": "^7.0.0" } }, "sha512-Xt18+h4s7Z8xyZ0tmBoRmzxcop97R4BAh+dXouUDCYn+Em+1P3qpkUfI5ueWLT8ynC5hZ+q4iPEmGG1urvQGBg=="],

    "token-types": ["token-types@6.0.0", "", { "dependencies": { "@tokenizer/token": "^0.3.0", "ieee754": "^1.2.1" } }, "sha512-lbDrTLVsHhOMljPscd0yitpozq7Ga2M5Cvez5AjGg8GASBjtt6iERCAJ93yommPmz62fb45oFIXHEZ3u9bfJEA=="],

    "tr46": ["tr46@0.0.3", "", {}, "sha512-N3WMsuqV66lT30CrXNbEjx4GEwlow3v6rr4mCcv6prnfwhS01rkgyFdjPNBYd9br7LpXV1+Emh01fHnq2Gdgrw=="],

    "tslib": ["tslib@2.8.1", "", {}, "sha512-oJFu94HQb+KVduSUQL7wnpmqnfmLsOA/nAh6b6EH0wCEoK0/mPeXU6c3wKDV83MkOuHPRHtSXKKU99IBazS/2w=="],

    "typescript": ["typescript@5.8.3", "", { "bin": { "tsc": "bin/tsc", "tsserver": "bin/tsserver" } }, "sha512-p1diW6TqL9L07nNxvRMM7hMMw4c5XOo/1ibL4aAIGmSAt9slTE1Xgw5KWuof2uTOvCg9BY7ZRi+GaF+7sfgPeQ=="],

    "uid": ["uid@2.0.2", "", { "dependencies": { "@lukeed/csprng": "^1.0.0" } }, "sha512-u3xV3X7uzvi5b1MncmZo3i2Aw222Zk1keqLA1YkHldREkAhAqi65wuPfe7lHx8H/Wzy+8CE7S7uS3jekIM5s8g=="],

    "uid2": ["uid2@0.0.4", "", {}, "sha512-IevTus0SbGwQzYh3+fRsAMTVVPOoIVufzacXcHPmdlle1jUpq7BRL+mw3dgeLanvGZdwwbWhRV6XrcFNdBmjWA=="],

    "uint8array-extras": ["uint8array-extras@1.4.0", "", {}, "sha512-ZPtzy0hu4cZjv3z5NW9gfKnNLjoz4y6uv4HlelAjDK7sY/xOkKZv9xK/WQpcsBB3jEybChz9DPC2U/+cusjJVQ=="],

    "undici-types": ["undici-types@6.21.0", "", {}, "sha512-iwDZqg0QAGrg9Rav5H4n0M64c3mkR59cJ6wQp+7C4nI0gsmExaedaYLNO44eT4AtBBwjbTiGPMlt2Md0T9H9JQ=="],

    "universal-github-app-jwt": ["universal-github-app-jwt@1.2.0", "", { "dependencies": { "@types/jsonwebtoken": "^9.0.0", "jsonwebtoken": "^9.0.2" } }, "sha512-dncpMpnsKBk0eetwfN8D8OUHGfiDhhJ+mtsbMl+7PfW7mYjiH8LIcqRmYMtzYLgSh47HjfdBtrBwIQ/gizKR3g=="],

    "universal-user-agent": ["universal-user-agent@6.0.1", "", {}, "sha512-yCzhz6FN2wU1NiiQRogkTQszlQSlpWaw8SvVegAc+bDxbzHgh1vX8uIe8OYyMH6DwH+sdTJsgMl36+mSMdRJIQ=="],

    "utils-merge": ["utils-merge@1.0.1", "", {}, "sha512-pMZTvIkT1d+TFGvDOqodOclx0QWkkgi6Tdoa8gC8ffGAAqz9pzPTZWAybbsHHoED/ztMtkv/VoYTYyShUn81hA=="],

    "webidl-conversions": ["webidl-conversions@3.0.1", "", {}, "sha512-2JAn3z8AR6rjK8Sm8orRC0h/bcl/DqL7tRPdGZ4I1CjdF+EaMLmYxBHyXuKL849eucPFhvBoxMsflfOb8kxaeQ=="],

    "whatwg-url": ["whatwg-url@5.0.0", "", { "dependencies": { "tr46": "~0.0.3", "webidl-conversions": "^3.0.0" } }, "sha512-saE57nupxk6v3HY35+jzBwYa0rKSy0XR8JSxZPwgLr7ys0IBzhGviA1/TUGJLmSVqs8pb9AnvICXEuOHLprYTw=="],

    "wrappy": ["wrappy@1.0.2", "", {}, "sha512-l4Sp/DRseor9wL6EvV2+TuQn63dMkPjZ/sp9XkghTEbV9KlPS1xUsZ3u7/IQO4wxtcFB4bgpQPRcR3QCvezPcQ=="],

    "yallist": ["yallist@4.0.0", "", {}, "sha512-3wdGidZyq5PB084XLES5TpOSRA3wjXAlIWMhum2kRcv/41Sn2emQ0dycQW4uZXLejwKvg6EsvbdlVL+FYEct7A=="],

    "@octokit/auth-action/@octokit/auth-token": ["@octokit/auth-token@3.0.4", "", {}, "sha512-TWFX7cZF2LXoCvdmJWY7XVPi74aSY0+FfBZNSXEXFkMpjcqsQwDSYVv5FhRFaI0V1ECnwbz4j59T/G+rXNWaIQ=="],

    "@octokit/auth-app/@octokit/auth-oauth-app": ["@octokit/auth-oauth-app@4.3.4", "", { "dependencies": { "@octokit/auth-oauth-device": "^3.1.1", "@octokit/auth-oauth-user": "^2.0.0", "@octokit/request": "^5.6.3", "@octokit/types": "^6.0.3", "@types/btoa-lite": "^1.0.0", "btoa-lite": "^1.0.0", "universal-user-agent": "^6.0.0" } }, "sha512-OYOTSSINeUAiLMk1uelaGB/dEkReBqHHr8+hBejzMG4z1vA4c7QSvDAS0RVZSr4oD4PEUPYFzEl34K7uNrXcWA=="],

    "@octokit/auth-oauth-device/@octokit/oauth-methods": ["@octokit/oauth-methods@2.0.6", "", { "dependencies": { "@octokit/oauth-authorization-url": "^5.0.0", "@octokit/request": "^6.2.3", "@octokit/request-error": "^3.0.3", "@octokit/types": "^9.0.0", "btoa-lite": "^1.0.0" } }, "sha512-l9Uml2iGN2aTWLZcm8hV+neBiFXAQ9+3sKiQe/sgumHlL6HDg0AQ8/l16xX/5jJvfxueqTW5CWbzd0MjnlfHZw=="],

    "@octokit/auth-oauth-device/@octokit/request": ["@octokit/request@6.2.8", "", { "dependencies": { "@octokit/endpoint": "^7.0.0", "@octokit/request-error": "^3.0.0", "@octokit/types": "^9.0.0", "is-plain-object": "^5.0.0", "node-fetch": "^2.6.7", "universal-user-agent": "^6.0.0" } }, "sha512-ow4+pkVQ+6XVVsekSYBzJC0VTVvh/FCTUUgTsboGq+DTeWdyIFV8WSCdo0RIxk6wSkBTHqIK1mYuY7nOBXOchw=="],

    "@octokit/auth-app/@octokit/auth-oauth-app/@octokit/auth-oauth-user": ["@octokit/auth-oauth-user@2.1.2", "", { "dependencies": { "@octokit/auth-oauth-device": "^4.0.0", "@octokit/oauth-methods": "^2.0.0", "@octokit/request": "^6.0.0", "@octokit/types": "^9.0.0", "btoa-lite": "^1.0.0", "universal-user-agent": "^6.0.0" } }, "sha512-kkRqNmFe7s5GQcojE3nSlF+AzYPpPv7kvP/xYEnE57584pixaFBH8Vovt+w5Y3E4zWUEOxjdLItmBTFAWECPAg=="],

    "@octokit/auth-oauth-device/@octokit/oauth-methods/@octokit/oauth-authorization-url": ["@octokit/oauth-authorization-url@5.0.0", "", {}, "sha512-y1WhN+ERDZTh0qZ4SR+zotgsQUE1ysKnvBt1hvDRB2WRzYtVKQjn97HEPzoehh66Fj9LwNdlZh+p6TJatT0zzg=="],

    "@octokit/auth-oauth-device/@octokit/oauth-methods/@octokit/request-error": ["@octokit/request-error@3.0.3", "", { "dependencies": { "@octokit/types": "^9.0.0", "deprecation": "^2.0.0", "once": "^1.4.0" } }, "sha512-crqw3V5Iy2uOU5Np+8M/YexTlT8zxCfI+qu+LxUB7SZpje4Qmx3mub5DfEKSO8Ylyk0aogi6TYdf6kxzh2BguQ=="],

    "@octokit/auth-oauth-device/@octokit/oauth-methods/@octokit/types": ["@octokit/types@9.3.2", "", { "dependencies": { "@octokit/openapi-types": "^18.0.0" } }, "sha512-D4iHGTdAnEEVsB8fl95m1hiz7D5YiRdQ9b/OEb3BYRVwbLsGHcRVPz+u+BgRLNk0Q0/4iZCBqDN96j2XNxfXrA=="],

    "@octokit/auth-oauth-device/@octokit/request/@octokit/endpoint": ["@octokit/endpoint@7.0.6", "", { "dependencies": { "@octokit/types": "^9.0.0", "is-plain-object": "^5.0.0", "universal-user-agent": "^6.0.0" } }, "sha512-5L4fseVRUsDFGR00tMWD/Trdeeihn999rTMGRMC1G/Ldi1uWlWJzI98H4Iak5DB/RVvQuyMYKqSK/R6mbSOQyg=="],

    "@octokit/auth-oauth-device/@octokit/request/@octokit/request-error": ["@octokit/request-error@3.0.3", "", { "dependencies": { "@octokit/types": "^9.0.0", "deprecation": "^2.0.0", "once": "^1.4.0" } }, "sha512-crqw3V5Iy2uOU5Np+8M/YexTlT8zxCfI+qu+LxUB7SZpje4Qmx3mub5DfEKSO8Ylyk0aogi6TYdf6kxzh2BguQ=="],

    "@octokit/auth-oauth-device/@octokit/request/@octokit/types": ["@octokit/types@9.3.2", "", { "dependencies": { "@octokit/openapi-types": "^18.0.0" } }, "sha512-D4iHGTdAnEEVsB8fl95m1hiz7D5YiRdQ9b/OEb3BYRVwbLsGHcRVPz+u+BgRLNk0Q0/4iZCBqDN96j2XNxfXrA=="],

    "@octokit/auth-app/@octokit/auth-oauth-app/@octokit/auth-oauth-user/@octokit/auth-oauth-device": ["@octokit/auth-oauth-device@4.0.5", "", { "dependencies": { "@octokit/oauth-methods": "^2.0.0", "@octokit/request": "^6.0.0", "@octokit/types": "^9.0.0", "universal-user-agent": "^6.0.0" } }, "sha512-XyhoWRTzf2ZX0aZ52a6Ew5S5VBAfwwx1QnC2Np6Et3MWQpZjlREIcbcvVZtkNuXp6Z9EeiSLSDUqm3C+aMEHzQ=="],

    "@octokit/auth-app/@octokit/auth-oauth-app/@octokit/auth-oauth-user/@octokit/oauth-methods": ["@octokit/oauth-methods@2.0.6", "", { "dependencies": { "@octokit/oauth-authorization-url": "^5.0.0", "@octokit/request": "^6.2.3", "@octokit/request-error": "^3.0.3", "@octokit/types": "^9.0.0", "btoa-lite": "^1.0.0" } }, "sha512-l9Uml2iGN2aTWLZcm8hV+neBiFXAQ9+3sKiQe/sgumHlL6HDg0AQ8/l16xX/5jJvfxueqTW5CWbzd0MjnlfHZw=="],

    "@octokit/auth-app/@octokit/auth-oauth-app/@octokit/auth-oauth-user/@octokit/request": ["@octokit/request@6.2.8", "", { "dependencies": { "@octokit/endpoint": "^7.0.0", "@octokit/request-error": "^3.0.0", "@octokit/types": "^9.0.0", "is-plain-object": "^5.0.0", "node-fetch": "^2.6.7", "universal-user-agent": "^6.0.0" } }, "sha512-ow4+pkVQ+6XVVsekSYBzJC0VTVvh/FCTUUgTsboGq+DTeWdyIFV8WSCdo0RIxk6wSkBTHqIK1mYuY7nOBXOchw=="],

    "@octokit/auth-app/@octokit/auth-oauth-app/@octokit/auth-oauth-user/@octokit/types": ["@octokit/types@9.3.2", "", { "dependencies": { "@octokit/openapi-types": "^18.0.0" } }, "sha512-D4iHGTdAnEEVsB8fl95m1hiz7D5YiRdQ9b/OEb3BYRVwbLsGHcRVPz+u+BgRLNk0Q0/4iZCBqDN96j2XNxfXrA=="],

    "@octokit/auth-oauth-device/@octokit/oauth-methods/@octokit/types/@octokit/openapi-types": ["@octokit/openapi-types@18.1.1", "", {}, "sha512-VRaeH8nCDtF5aXWnjPuEMIYf1itK/s3JYyJcWFJT8X9pSNnBtriDf7wlEWsGuhPLl4QIH4xM8fqTXDwJ3Mu6sw=="],

    "@octokit/auth-oauth-device/@octokit/request/@octokit/types/@octokit/openapi-types": ["@octokit/openapi-types@18.1.1", "", {}, "sha512-VRaeH8nCDtF5aXWnjPuEMIYf1itK/s3JYyJcWFJT8X9pSNnBtriDf7wlEWsGuhPLl4QIH4xM8fqTXDwJ3Mu6sw=="],

    "@octokit/auth-app/@octokit/auth-oauth-app/@octokit/auth-oauth-user/@octokit/oauth-methods/@octokit/oauth-authorization-url": ["@octokit/oauth-authorization-url@5.0.0", "", {}, "sha512-y1WhN+ERDZTh0qZ4SR+zotgsQUE1ysKnvBt1hvDRB2WRzYtVKQjn97HEPzoehh66Fj9LwNdlZh+p6TJatT0zzg=="],

    "@octokit/auth-app/@octokit/auth-oauth-app/@octokit/auth-oauth-user/@octokit/oauth-methods/@octokit/request-error": ["@octokit/request-error@3.0.3", "", { "dependencies": { "@octokit/types": "^9.0.0", "deprecation": "^2.0.0", "once": "^1.4.0" } }, "sha512-crqw3V5Iy2uOU5Np+8M/YexTlT8zxCfI+qu+LxUB7SZpje4Qmx3mub5DfEKSO8Ylyk0aogi6TYdf6kxzh2BguQ=="],

    "@octokit/auth-app/@octokit/auth-oauth-app/@octokit/auth-oauth-user/@octokit/request/@octokit/endpoint": ["@octokit/endpoint@7.0.6", "", { "dependencies": { "@octokit/types": "^9.0.0", "is-plain-object": "^5.0.0", "universal-user-agent": "^6.0.0" } }, "sha512-5L4fseVRUsDFGR00tMWD/Trdeeihn999rTMGRMC1G/Ldi1uWlWJzI98H4Iak5DB/RVvQuyMYKqSK/R6mbSOQyg=="],

    "@octokit/auth-app/@octokit/auth-oauth-app/@octokit/auth-oauth-user/@octokit/request/@octokit/request-error": ["@octokit/request-error@3.0.3", "", { "dependencies": { "@octokit/types": "^9.0.0", "deprecation": "^2.0.0", "once": "^1.4.0" } }, "sha512-crqw3V5Iy2uOU5Np+8M/YexTlT8zxCfI+qu+LxUB7SZpje4Qmx3mub5DfEKSO8Ylyk0aogi6TYdf6kxzh2BguQ=="],

    "@octokit/auth-app/@octokit/auth-oauth-app/@octokit/auth-oauth-user/@octokit/types/@octokit/openapi-types": ["@octokit/openapi-types@18.1.1", "", {}, "sha512-VRaeH8nCDtF5aXWnjPuEMIYf1itK/s3JYyJcWFJT8X9pSNnBtriDf7wlEWsGuhPLl4QIH4xM8fqTXDwJ3Mu6sw=="],
  }
}
